Microsoft Visual Studio Solution File, Format Version 12.00
# Visual Studio Version 17
VisualStudioVersion = 17.5.2.0
MinimumVisualStudioVersion = 10.0.40219.1
Project("{FAE04EC0-301F-11D3-BF4B-00C04F79EFBC}") = "MultiFunctionApp", "MultiFunctionApp\MultiFunctionApp.csproj", "{4B9FD4DF-ACFC-FCFC-3D02-E624FDFC31A2}"
EndProject
Global
	GlobalSection(SolutionConfigurationPlatforms) = preSolution
		Debug|Any CPU = Debug|Any CPU
		Release|Any CPU = Release|Any CPU
	EndGlobalSection
	GlobalSection(ProjectConfigurationPlatforms) = postSolution
		{4B9FD4DF-ACFC-FCFC-3D02-E624FDFC31A2}.Debug|Any CPU.ActiveCfg = Debug|Any CPU
		{4B9FD4DF-ACFC-FCFC-3D02-E624FDFC31A2}.Debug|Any CPU.Build.0 = Debug|Any CPU
		{4B9FD4DF-ACFC-FCFC-3D02-E624FDFC31A2}.Release|Any CPU.ActiveCfg = Release|Any CPU
		{4B9FD4DF-ACFC-FCFC-3D02-E624FDFC31A2}.Release|Any CPU.Build.0 = Release|Any CPU
	EndGlobalSection
	GlobalSection(SolutionProperties) = preSolution
		HideSolutionNode = FALSE
	EndGlobalSection
	GlobalSection(ExtensibilityGlobals) = postSolution
		SolutionGuid = {ED6E0DDC-861C-4D41-A46D-C5F605641F98}
	EndGlobalSection
EndGlobal
